# This file is autogenerated, do not edit; changes may be undone by the next 'dep ensure'.


[[projects]]
  branch = "master"
  digest = "1:d8f79e07789b176d60f73a139c7e1e6b1a459e7cfceec12e60b16c20d9b7c00e"
  name = "github.com/adtac/go-lcns"
  packages = ["."]
  pruneopts = "UT"
  revision = "eb0c1272f83587ec7d30afa50acfe227b0b1d3a5"

[solve-meta]
  analyzer-name = "dep"
  analyzer-version = 1
  input-imports = ["github.com/adtac/go-lcns"]
  solver-name = "gps-cdcl"
  solver-version = 1
